
Microsoft Visual Studio Solution File, Format Version 12.00
# Visual Studio Version 16
VisualStudioVersion = 16.0.29609.76
MinimumVisualStudioVersion = 10.0.40219.1
Project("{FAE04EC0-301F-11D3-BF4B-00C04F79EFBC}") = "PasswordMAnager", "PasswordMAnager\PasswordMAnager.csproj", "{094E8B13-45CA-4DF8-B582-84D4C9C52DCC}"
EndProject
Global
	GlobalSection(SolutionConfigurationPlatforms) = preSolution
		Debug|Any CPU = Debug|Any CPU
		Release|Any CPU = Release|Any CPU
	EndGlobalSection
	GlobalSection(ProjectConfigurationPlatforms) = postSolution
		{094E8B13-45CA-4DF8-B582-84D4C9C52DCC}.Debug|Any CPU.ActiveCfg = Debug|Any CPU
		{094E8B13-45CA-4DF8-B582-84D4C9C52DCC}.Debug|Any CPU.Build.0 = Debug|Any CPU
		{094E8B13-45CA-4DF8-B582-84D4C9C52DCC}.Release|Any CPU.ActiveCfg = Release|Any CPU
		{094E8B13-45CA-4DF8-B582-84D4C9C52DCC}.Release|Any CPU.Build.0 = Release|Any CPU
	EndGlobalSection
	GlobalSection(SolutionProperties) = preSolution
		HideSolutionNode = FALSE
	EndGlobalSection
	GlobalSection(ExtensibilityGlobals) = postSolution
		SolutionGuid = {E5308AFC-CF21-47C3-9BE7-0E54E4611CD2}
	EndGlobalSection
EndGlobal
